
Microsoft Visual Studio Solution File, Format Version 12.00
# Visual Studio Version 16
VisualStudioVersion = 16.0.29123.88
MinimumVisualStudioVersion = 10.0.40219.1
Project("{FAE04EC0-301F-11D3-BF4B-00C04F79EFBC}") = "CashLibrary", "CashLibrary\CashLibrary.csproj", "{FBD718CA-B290-4755-AD0B-04CB5A853C33}"
EndProject
Project("{FAE04EC0-301F-11D3-BF4B-00C04F79EFBC}") = "SystemCashLibrary", "SystemCashLibrary\SystemCashLibrary.csproj", "{7C1E4B9C-C0C7-4C81-BE58-AFD932A20F1B}"
EndProject
Global
	GlobalSection(SolutionConfigurationPlatforms) = preSolution
		Debug|Any CPU = Debug|Any CPU
		Release|Any CPU = Release|Any CPU
	EndGlobalSection
	GlobalSection(ProjectConfigurationPlatforms) = postSolution
		{FBD718CA-B290-4755-AD0B-04CB5A853C33}.Debug|Any CPU.ActiveCfg = Debug|Any CPU
		{FBD718CA-B290-4755-AD0B-04CB5A853C33}.Debug|Any CPU.Build.0 = Debug|Any CPU
		{FBD718CA-B290-4755-AD0B-04CB5A853C33}.Release|Any CPU.ActiveCfg = Release|Any CPU
		{FBD718CA-B290-4755-AD0B-04CB5A853C33}.Release|Any CPU.Build.0 = Release|Any CPU
		{7C1E4B9C-C0C7-4C81-BE58-AFD932A20F1B}.Debug|Any CPU.ActiveCfg = Debug|Any CPU
		{7C1E4B9C-C0C7-4C81-BE58-AFD932A20F1B}.Debug|Any CPU.Build.0 = Debug|Any CPU
		{7C1E4B9C-C0C7-4C81-BE58-AFD932A20F1B}.Release|Any CPU.ActiveCfg = Release|Any CPU
		{7C1E4B9C-C0C7-4C81-BE58-AFD932A20F1B}.Release|Any CPU.Build.0 = Release|Any CPU
	EndGlobalSection
	GlobalSection(SolutionProperties) = preSolution
		HideSolutionNode = FALSE
	EndGlobalSection
	GlobalSection(ExtensibilityGlobals) = postSolution
		SolutionGuid = {B5E550F7-C1B0-4082-8A16-8661DCFACE2E}
	EndGlobalSection
EndGlobal
